// !$*UTF8*$!
{
	archiveVersion = 1;
	classes = {
	};
	objectVersion = 56;
	objects = {

/* Begin PBXBuildFile section */
		07E3496CF11B2B9ECF00DCC6 /* Pods_DressMeUp.framework in Frameworks */ = {isa = PBXBuildFile; fileRef = 89CCC18C64624007287B2C0B /* Pods_DressMeUp.framework */; };
		503834A02A2C99DB00FBEC63 /* OpenSans-Medium.ttf in Resources */ = {isa = PBXBuildFile; fileRef = 5038349C2A2C99DB00FBEC63 /* OpenSans-Medium.ttf */; };
		503834A12A2C99DB00FBEC63 /* OpenSans-Light.ttf in Resources */ = {isa = PBXBuildFile; fileRef = 5038349D2A2C99DB00FBEC63 /* OpenSans-Light.ttf */; };
		503834A22A2C99DB00FBEC63 /* OpenSans-Regular.ttf in Resources */ = {isa = PBXBuildFile; fileRef = 5038349E2A2C99DB00FBEC63 /* OpenSans-Regular.ttf */; };
		503834A32A2C99DB00FBEC63 /* OpenSans-SemiBold.ttf in Resources */ = {isa = PBXBuildFile; fileRef = 5038349F2A2C99DB00FBEC63 /* OpenSans-SemiBold.ttf */; };
		503FDFD12A41886B00D5ACF7 /* ChangePasswordViewController.swift in Sources */ = {isa = PBXBuildFile; fileRef = 503FDFD02A41886B00D5ACF7 /* ChangePasswordViewController.swift */; };
		503FDFD72A41897400D5ACF7 /* FieldPropertyWrapper.swift in Sources */ = {isa = PBXBuildFile; fileRef = 503FDFD62A41897400D5ACF7 /* FieldPropertyWrapper.swift */; };
		504FDBD92A28DAED00D275D4 /* TopBarView.swift in Sources */ = {isa = PBXBuildFile; fileRef = 504FDBD82A28DAED00D275D4 /* TopBarView.swift */; };
		505135292A5D392000883383 /* FetchPhotos.swift in Sources */ = {isa = PBXBuildFile; fileRef = 505135282A5D392000883383 /* FetchPhotos.swift */; };
		5051352B2A5D396300883383 /* CollectionConfig.swift in Sources */ = {isa = PBXBuildFile; fileRef = 5051352A2A5D396300883383 /* CollectionConfig.swift */; };
		506009BD2A1E72B9002EE82C /* CustomCollectionViewCell.swift in Sources */ = {isa = PBXBuildFile; fileRef = 506009BC2A1E72B9002EE82C /* CustomCollectionViewCell.swift */; };
		507ABE562A282DD800B54499 /* CustomTableViewCell.swift in Sources */ = {isa = PBXBuildFile; fileRef = 507ABE552A282DD800B54499 /* CustomTableViewCell.swift */; };
		5086BE682A2EBEC700275343 /* FieldsContainer.swift in Sources */ = {isa = PBXBuildFile; fileRef = 5086BE672A2EBEC700275343 /* FieldsContainer.swift */; };
		509E0C722A2B969F00A96F0A /* OpenSans-Bold.ttf in Resources */ = {isa = PBXBuildFile; fileRef = 509E0C712A2B969F00A96F0A /* OpenSans-Bold.ttf */; };
		509EC7142A2CDB370082898F /* CustomButton.swift in Sources */ = {isa = PBXBuildFile; fileRef = 509EC7132A2CDB370082898F /* CustomButton.swift */; };
		50A62DFE2A26DAC300D5669C /* TestViewController.swift in Sources */ = {isa = PBXBuildFile; fileRef = 50A62DFD2A26DAC300D5669C /* TestViewController.swift */; };
		50A827092A262FC6004FC5E5 /* PhotoExpandedViewController.swift in Sources */ = {isa = PBXBuildFile; fileRef = 50A827082A262FC6004FC5E5 /* PhotoExpandedViewController.swift */; };
		50AD699E2A5BECB0009C418B /* SignUpViewController.swift in Sources */ = {isa = PBXBuildFile; fileRef = 50AD699D2A5BECB0009C418B /* SignUpViewController.swift */; };
		50AD69A02A5BEF25009C418B /* SimpleLabel.swift in Sources */ = {isa = PBXBuildFile; fileRef = 50AD699F2A5BEF25009C418B /* SimpleLabel.swift */; };
		50AD69A22A5BF05A009C418B /* LoginViewController.swift in Sources */ = {isa = PBXBuildFile; fileRef = 50AD69A12A5BF05A009C418B /* LoginViewController.swift */; };
		50AD69A52A5BF6C5009C418B /* FirebaseAnalytics in Frameworks */ = {isa = PBXBuildFile; productRef = 50AD69A42A5BF6C5009C418B /* FirebaseAnalytics */; };
		50AD69A72A5BF6C5009C418B /* FirebaseAuth in Frameworks */ = {isa = PBXBuildFile; productRef = 50AD69A62A5BF6C5009C418B /* FirebaseAuth */; };
		50AD69A92A5BF700009C418B /* GoogleService-Info.plist in Resources */ = {isa = PBXBuildFile; fileRef = 50AD69A82A5BF700009C418B /* GoogleService-Info.plist */; };
		50D1EF5C2A166AC8008E3DB6 /* AppDelegate.swift in Sources */ = {isa = PBXBuildFile; fileRef = 50D1EF5B2A166AC8008E3DB6 /* AppDelegate.swift */; };
		50D1EF5E2A166AC8008E3DB6 /* SceneDelegate.swift in Sources */ = {isa = PBXBuildFile; fileRef = 50D1EF5D2A166AC8008E3DB6 /* SceneDelegate.swift */; };
		50D1EF602A166AC8008E3DB6 /* HomeViewController.swift in Sources */ = {isa = PBXBuildFile; fileRef = 50D1EF5F2A166AC8008E3DB6 /* HomeViewController.swift */; };
		50D1EF652A166AC9008E3DB6 /* Assets.xcassets in Resources */ = {isa = PBXBuildFile; fileRef = 50D1EF642A166AC9008E3DB6 /* Assets.xcassets */; };
		50D1EF782A16762C008E3DB6 /* Lato-Light.ttf in Resources */ = {isa = PBXBuildFile; fileRef = 50D1EF742A16762C008E3DB6 /* Lato-Light.ttf */; };
		50D1EF792A16762C008E3DB6 /* Lato-Black.ttf in Resources */ = {isa = PBXBuildFile; fileRef = 50D1EF752A16762C008E3DB6 /* Lato-Black.ttf */; };
		50D1EF7A2A16762C008E3DB6 /* Lato-Regular.ttf in Resources */ = {isa = PBXBuildFile; fileRef = 50D1EF762A16762C008E3DB6 /* Lato-Regular.ttf */; };
		50D1EF7B2A16762C008E3DB6 /* Lato-Bold.ttf in Resources */ = {isa = PBXBuildFile; fileRef = 50D1EF772A16762C008E3DB6 /* Lato-Bold.ttf */; };
		50D1EF802A16950F008E3DB6 /* MainTabbarController.swift in Sources */ = {isa = PBXBuildFile; fileRef = 50D1EF7F2A16950F008E3DB6 /* MainTabbarController.swift */; };
		50D1EF822A169853008E3DB6 /* ClosetsViewController.swift in Sources */ = {isa = PBXBuildFile; fileRef = 50D1EF812A169853008E3DB6 /* ClosetsViewController.swift */; };
		50D1EF842A169862008E3DB6 /* RecentsViewController.swift in Sources */ = {isa = PBXBuildFile; fileRef = 50D1EF832A169862008E3DB6 /* RecentsViewController.swift */; };
		50D1EF862A16987B008E3DB6 /* FavouritesViewController.swift in Sources */ = {isa = PBXBuildFile; fileRef = 50D1EF852A16987B008E3DB6 /* FavouritesViewController.swift */; };
		50D1EF882A169882008E3DB6 /* ProfileViewController.swift in Sources */ = {isa = PBXBuildFile; fileRef = 50D1EF872A169882008E3DB6 /* ProfileViewController.swift */; };
		50E1071C2A2C18CD00AC18DC /* ColorExtension.swift in Sources */ = {isa = PBXBuildFile; fileRef = 50E1071B2A2C18CD00AC18DC /* ColorExtension.swift */; };
		50F145CF2A297751007E39E6 /* SplashScreenViewController.swift in Sources */ = {isa = PBXBuildFile; fileRef = 50F145CE2A297751007E39E6 /* SplashScreenViewController.swift */; };
/* End PBXBuildFile section */

/* Begin PBXFileReference section */
		0AB0AC01A5B03E688A5598F9 /* Pods-DressMeUp.debug.xcconfig */ = {isa = PBXFileReference; includeInIndex = 1; lastKnownFileType = text.xcconfig; name = "Pods-DressMeUp.debug.xcconfig"; path = "Target Support Files/Pods-DressMeUp/Pods-DressMeUp.debug.xcconfig"; sourceTree = "<group>"; };
		5038349C2A2C99DB00FBEC63 /* OpenSans-Medium.ttf */ = {isa = PBXFileReference; lastKnownFileType = file; path = "OpenSans-Medium.ttf"; sourceTree = "<group>"; };
		5038349D2A2C99DB00FBEC63 /* OpenSans-Light.ttf */ = {isa = PBXFileReference; lastKnownFileType = file; path = "OpenSans-Light.ttf"; sourceTree = "<group>"; };
		5038349E2A2C99DB00FBEC63 /* OpenSans-Regular.ttf */ = {isa = PBXFileReference; lastKnownFileType = file; path = "OpenSans-Regular.ttf"; sourceTree = "<group>"; };
		5038349F2A2C99DB00FBEC63 /* OpenSans-SemiBold.ttf */ = {isa = PBXFileReference; lastKnownFileType = file; path = "OpenSans-SemiBold.ttf"; sourceTree = "<group>"; };
		503FDFD02A41886B00D5ACF7 /* ChangePasswordViewController.swift */ = {isa = PBXFileReference; lastKnownFileType = sourcecode.swift; path = ChangePasswordViewController.swift; sourceTree = "<group>"; };
		503FDFD62A41897400D5ACF7 /* FieldPropertyWrapper.swift */ = {isa = PBXFileReference; lastKnownFileType = sourcecode.swift; path = FieldPropertyWrapper.swift; sourceTree = "<group>"; };
		504FDBD82A28DAED00D275D4 /* TopBarView.swift */ = {isa = PBXFileReference; lastKnownFileType = sourcecode.swift; path = TopBarView.swift; sourceTree = "<group>"; };
		505135282A5D392000883383 /* FetchPhotos.swift */ = {isa = PBXFileReference; lastKnownFileType = sourcecode.swift; path = FetchPhotos.swift; sourceTree = "<group>"; };
		5051352A2A5D396300883383 /* CollectionConfig.swift */ = {isa = PBXFileReference; lastKnownFileType = sourcecode.swift; path = CollectionConfig.swift; sourceTree = "<group>"; };
		506009BC2A1E72B9002EE82C /* CustomCollectionViewCell.swift */ = {isa = PBXFileReference; lastKnownFileType = sourcecode.swift; path = CustomCollectionViewCell.swift; sourceTree = "<group>"; };
		507ABE552A282DD800B54499 /* CustomTableViewCell.swift */ = {isa = PBXFileReference; lastKnownFileType = sourcecode.swift; path = CustomTableViewCell.swift; sourceTree = "<group>"; };
		5086BE672A2EBEC700275343 /* FieldsContainer.swift */ = {isa = PBXFileReference; lastKnownFileType = sourcecode.swift; path = FieldsContainer.swift; sourceTree = "<group>"; };
		509E0C712A2B969F00A96F0A /* OpenSans-Bold.ttf */ = {isa = PBXFileReference; lastKnownFileType = file; path = "OpenSans-Bold.ttf"; sourceTree = "<group>"; };
		509EC7132A2CDB370082898F /* CustomButton.swift */ = {isa = PBXFileReference; lastKnownFileType = sourcecode.swift; path = CustomButton.swift; sourceTree = "<group>"; };
		50A62DFD2A26DAC300D5669C /* TestViewController.swift */ = {isa = PBXFileReference; lastKnownFileType = sourcecode.swift; path = TestViewController.swift; sourceTree = "<group>"; };
		50A827082A262FC6004FC5E5 /* PhotoExpandedViewController.swift */ = {isa = PBXFileReference; lastKnownFileType = sourcecode.swift; path = PhotoExpandedViewController.swift; sourceTree = "<group>"; };
		50AD699D2A5BECB0009C418B /* SignUpViewController.swift */ = {isa = PBXFileReference; lastKnownFileType = sourcecode.swift; path = SignUpViewController.swift; sourceTree = "<group>"; };
		50AD699F2A5BEF25009C418B /* SimpleLabel.swift */ = {isa = PBXFileReference; lastKnownFileType = sourcecode.swift; path = SimpleLabel.swift; sourceTree = "<group>"; };
		50AD69A12A5BF05A009C418B /* LoginViewController.swift */ = {isa = PBXFileReference; lastKnownFileType = sourcecode.swift; path = LoginViewController.swift; sourceTree = "<group>"; };
		50AD69A82A5BF700009C418B /* GoogleService-Info.plist */ = {isa = PBXFileReference; fileEncoding = 4; lastKnownFileType = text.plist.xml; path = "GoogleService-Info.plist"; sourceTree = "<group>"; };
		50D1EF582A166AC8008E3DB6 /* DressMeUp.app */ = {isa = PBXFileReference; explicitFileType = wrapper.application; includeInIndex = 0; path = DressMeUp.app; sourceTree = BUILT_PRODUCTS_DIR; };
		50D1EF5B2A166AC8008E3DB6 /* AppDelegate.swift */ = {isa = PBXFileReference; lastKnownFileType = sourcecode.swift; path = AppDelegate.swift; sourceTree = "<group>"; };
		50D1EF5D2A166AC8008E3DB6 /* SceneDelegate.swift */ = {isa = PBXFileReference; lastKnownFileType = sourcecode.swift; path = SceneDelegate.swift; sourceTree = "<group>"; };
		50D1EF5F2A166AC8008E3DB6 /* HomeViewController.swift */ = {isa = PBXFileReference; lastKnownFileType = sourcecode.swift; path = HomeViewController.swift; sourceTree = "<group>"; };
		50D1EF642A166AC9008E3DB6 /* Assets.xcassets */ = {isa = PBXFileReference; lastKnownFileType = folder.assetcatalog; path = Assets.xcassets; sourceTree = "<group>"; };
		50D1EF692A166AC9008E3DB6 /* Info.plist */ = {isa = PBXFileReference; lastKnownFileType = text.plist.xml; path = Info.plist; sourceTree = "<group>"; };
		50D1EF742A16762C008E3DB6 /* Lato-Light.ttf */ = {isa = PBXFileReference; lastKnownFileType = file; path = "Lato-Light.ttf"; sourceTree = "<group>"; };
		50D1EF752A16762C008E3DB6 /* Lato-Black.ttf */ = {isa = PBXFileReference; lastKnownFileType = file; path = "Lato-Black.ttf"; sourceTree = "<group>"; };
		50D1EF762A16762C008E3DB6 /* Lato-Regular.ttf */ = {isa = PBXFileReference; lastKnownFileType = file; path = "Lato-Regular.ttf"; sourceTree = "<group>"; };
		50D1EF772A16762C008E3DB6 /* Lato-Bold.ttf */ = {isa = PBXFileReference; lastKnownFileType = file; path = "Lato-Bold.ttf"; sourceTree = "<group>"; };
		50D1EF7F2A16950F008E3DB6 /* MainTabbarController.swift */ = {isa = PBXFileReference; lastKnownFileType = sourcecode.swift; path = MainTabbarController.swift; sourceTree = "<group>"; };
		50D1EF812A169853008E3DB6 /* ClosetsViewController.swift */ = {isa = PBXFileReference; lastKnownFileType = sourcecode.swift; path = ClosetsViewController.swift; sourceTree = "<group>"; };
		50D1EF832A169862008E3DB6 /* RecentsViewController.swift */ = {isa = PBXFileReference; lastKnownFileType = sourcecode.swift; path = RecentsViewController.swift; sourceTree = "<group>"; };
		50D1EF852A16987B008E3DB6 /* FavouritesViewController.swift */ = {isa = PBXFileReference; lastKnownFileType = sourcecode.swift; path = FavouritesViewController.swift; sourceTree = "<group>"; };
		50D1EF872A169882008E3DB6 /* ProfileViewController.swift */ = {isa = PBXFileReference; lastKnownFileType = sourcecode.swift; path = ProfileViewController.swift; sourceTree = "<group>"; };
		50E1071B2A2C18CD00AC18DC /* ColorExtension.swift */ = {isa = PBXFileReference; lastKnownFileType = sourcecode.swift; path = ColorExtension.swift; sourceTree = "<group>"; };
		50F145CE2A297751007E39E6 /* SplashScreenViewController.swift */ = {isa = PBXFileReference; lastKnownFileType = sourcecode.swift; path = SplashScreenViewController.swift; sourceTree = "<group>"; };
		529C9E2B426A614AB38B17F2 /* Pods-DressMeUp.release.xcconfig */ = {isa = PBXFileReference; includeInIndex = 1; lastKnownFileType = text.xcconfig; name = "Pods-DressMeUp.release.xcconfig"; path = "Target Support Files/Pods-DressMeUp/Pods-DressMeUp.release.xcconfig"; sourceTree = "<group>"; };
		89CCC18C64624007287B2C0B /* Pods_DressMeUp.framework */ = {isa = PBXFileReference; explicitFileType = wrapper.framework; includeInIndex = 0; path = Pods_DressMeUp.framework; sourceTree = BUILT_PRODUCTS_DIR; };
/* End PBXFileReference section */

/* Begin PBXFrameworksBuildPhase section */
		50D1EF552A166AC8008E3DB6 /* Frameworks */ = {
			isa = PBXFrameworksBuildPhase;
			buildActionMask = 2147483647;
			files = (
				50AD69A52A5BF6C5009C418B /* FirebaseAnalytics in Frameworks */,
				50AD69A72A5BF6C5009C418B /* FirebaseAuth in Frameworks */,
				07E3496CF11B2B9ECF00DCC6 /* Pods_DressMeUp.framework in Frameworks */,
			);
			runOnlyForDeploymentPostprocessing = 0;
		};
/* End PBXFrameworksBuildPhase section */

/* Begin PBXGroup section */
		3736311B943C06A4A9A001D2 /* Frameworks */ = {
			isa = PBXGroup;
			children = (
				89CCC18C64624007287B2C0B /* Pods_DressMeUp.framework */,
			);
			name = Frameworks;
			sourceTree = "<group>";
		};
		503834A42A2CA3B400FBEC63 /* ProfileView */ = {
			isa = PBXGroup;
			children = (
				5086BE672A2EBEC700275343 /* FieldsContainer.swift */,
			);
			path = ProfileView;
			sourceTree = "<group>";
		};
		503FDFCF2A41886000D5ACF7 /* Profile */ = {
			isa = PBXGroup;
			children = (
				50D1EF872A169882008E3DB6 /* ProfileViewController.swift */,
				503FDFD02A41886B00D5ACF7 /* ChangePasswordViewController.swift */,
			);
			path = Profile;
			sourceTree = "<group>";
		};
		503FDFD32A41888A00D5ACF7 /* Closets */ = {
			isa = PBXGroup;
			children = (
				50D1EF812A169853008E3DB6 /* ClosetsViewController.swift */,
			);
			path = Closets;
			sourceTree = "<group>";
		};
		503FDFD42A41889000D5ACF7 /* Recents */ = {
			isa = PBXGroup;
			children = (
				50D1EF832A169862008E3DB6 /* RecentsViewController.swift */,
			);
			path = Recents;
			sourceTree = "<group>";
		};
		503FDFD52A41889600D5ACF7 /* Favourites */ = {
			isa = PBXGroup;
			children = (
				50D1EF852A16987B008E3DB6 /* FavouritesViewController.swift */,
			);
			path = Favourites;
			sourceTree = "<group>";
		};
		504FDBD72A28DA6500D275D4 /* Common */ = {
			isa = PBXGroup;
			children = (
				504FDBD82A28DAED00D275D4 /* TopBarView.swift */,
			);
			path = Common;
			sourceTree = "<group>";
		};
		506009BB2A1E727E002EE82C /* Views */ = {
			isa = PBXGroup;
			children = (
				503834A42A2CA3B400FBEC63 /* ProfileView */,
				506009BC2A1E72B9002EE82C /* CustomCollectionViewCell.swift */,
				507ABE552A282DD800B54499 /* CustomTableViewCell.swift */,
			);
			path = Views;
			sourceTree = "<group>";
		};
		50A8270A2A262FCC004FC5E5 /* Home */ = {
			isa = PBXGroup;
			children = (
				50D1EF5F2A166AC8008E3DB6 /* HomeViewController.swift */,
				50A827082A262FC6004FC5E5 /* PhotoExpandedViewController.swift */,
				505135282A5D392000883383 /* FetchPhotos.swift */,
				5051352A2A5D396300883383 /* CollectionConfig.swift */,
			);
			path = Home;
			sourceTree = "<group>";
		};
		50A8270B2A263113004FC5E5 /* Helpers */ = {
			isa = PBXGroup;
			children = (
				50E1071B2A2C18CD00AC18DC /* ColorExtension.swift */,
				509EC7132A2CDB370082898F /* CustomButton.swift */,
				50AD699F2A5BEF25009C418B /* SimpleLabel.swift */,
				503FDFD62A41897400D5ACF7 /* FieldPropertyWrapper.swift */,
			);
			path = Helpers;
			sourceTree = "<group>";
		};
		50AD699A2A5BEC93009C418B /* Auth */ = {
			isa = PBXGroup;
			children = (
				50AD699C2A5BECA2009C418B /* SignUp */,
				50AD699B2A5BEC9C009C418B /* Login */,
			);
			path = Auth;
			sourceTree = "<group>";
		};
		50AD699B2A5BEC9C009C418B /* Login */ = {
			isa = PBXGroup;
			children = (
				50AD69A12A5BF05A009C418B /* LoginViewController.swift */,
			);
			path = Login;
			sourceTree = "<group>";
		};
		50AD699C2A5BECA2009C418B /* SignUp */ = {
			isa = PBXGroup;
			children = (
				50AD699D2A5BECB0009C418B /* SignUpViewController.swift */,
			);
			path = SignUp;
			sourceTree = "<group>";
		};
		50D1EF4F2A166AC7008E3DB6 = {
			isa = PBXGroup;
			children = (
				50D1EF5A2A166AC8008E3DB6 /* DressMeUp */,
				50D1EF592A166AC8008E3DB6 /* Products */,
				C781E9C50421828BBF873A02 /* Pods */,
				3736311B943C06A4A9A001D2 /* Frameworks */,
			);
			sourceTree = "<group>";
		};
		50D1EF592A166AC8008E3DB6 /* Products */ = {
			isa = PBXGroup;
			children = (
				50D1EF582A166AC8008E3DB6 /* DressMeUp.app */,
			);
			name = Products;
			sourceTree = "<group>";
		};
		50D1EF5A2A166AC8008E3DB6 /* DressMeUp */ = {
			isa = PBXGroup;
			children = (
				50AD69A82A5BF700009C418B /* GoogleService-Info.plist */,
				50A8270B2A263113004FC5E5 /* Helpers */,
				506009BB2A1E727E002EE82C /* Views */,
				50D1EF702A1675E8008E3DB6 /* Resources */,
				50D1EF6F2A166B5E008E3DB6 /* Supporting Files */,
				50D1EF7C2A1677F4008E3DB6 /* Controllers */,
				50D1EF642A166AC9008E3DB6 /* Assets.xcassets */,
				50D1EF692A166AC9008E3DB6 /* Info.plist */,
				50D1EF7F2A16950F008E3DB6 /* MainTabbarController.swift */,
			);
			path = DressMeUp;
			sourceTree = "<group>";
		};
		50D1EF6F2A166B5E008E3DB6 /* Supporting Files */ = {
			isa = PBXGroup;
			children = (
				50D1EF5B2A166AC8008E3DB6 /* AppDelegate.swift */,
				50D1EF5D2A166AC8008E3DB6 /* SceneDelegate.swift */,
			);
			path = "Supporting Files";
			sourceTree = "<group>";
		};
		50D1EF702A1675E8008E3DB6 /* Resources */ = {
			isa = PBXGroup;
			children = (
				50D1EF712A1675F3008E3DB6 /* Fonts */,
			);
			path = Resources;
			sourceTree = "<group>";
		};
		50D1EF712A1675F3008E3DB6 /* Fonts */ = {
			isa = PBXGroup;
			children = (
				5038349D2A2C99DB00FBEC63 /* OpenSans-Light.ttf */,
				5038349C2A2C99DB00FBEC63 /* OpenSans-Medium.ttf */,
				5038349E2A2C99DB00FBEC63 /* OpenSans-Regular.ttf */,
				5038349F2A2C99DB00FBEC63 /* OpenSans-SemiBold.ttf */,
				509E0C712A2B969F00A96F0A /* OpenSans-Bold.ttf */,
				50D1EF752A16762C008E3DB6 /* Lato-Black.ttf */,
				50D1EF772A16762C008E3DB6 /* Lato-Bold.ttf */,
				50D1EF742A16762C008E3DB6 /* Lato-Light.ttf */,
				50D1EF762A16762C008E3DB6 /* Lato-Regular.ttf */,
			);
			path = Fonts;
			sourceTree = "<group>";
		};
		50D1EF7C2A1677F4008E3DB6 /* Controllers */ = {
			isa = PBXGroup;
			children = (
				50AD699A2A5BEC93009C418B /* Auth */,
				504FDBD72A28DA6500D275D4 /* Common */,
				50A8270A2A262FCC004FC5E5 /* Home */,
				503FDFD32A41888A00D5ACF7 /* Closets */,
				503FDFD42A41889000D5ACF7 /* Recents */,
				503FDFD52A41889600D5ACF7 /* Favourites */,
				503FDFCF2A41886000D5ACF7 /* Profile */,
				50A62DFD2A26DAC300D5669C /* TestViewController.swift */,
				50F145CE2A297751007E39E6 /* SplashScreenViewController.swift */,
			);
			path = Controllers;
			sourceTree = "<group>";
		};
		C781E9C50421828BBF873A02 /* Pods */ = {
			isa = PBXGroup;
			children = (
				0AB0AC01A5B03E688A5598F9 /* Pods-DressMeUp.debug.xcconfig */,
				529C9E2B426A614AB38B17F2 /* Pods-DressMeUp.release.xcconfig */,
			);
			path = Pods;
			sourceTree = "<group>";
		};
/* End PBXGroup section */

/* Begin PBXNativeTarget section */
		50D1EF572A166AC8008E3DB6 /* DressMeUp */ = {
			isa = PBXNativeTarget;
			buildConfigurationList = 50D1EF6C2A166AC9008E3DB6 /* Build configuration list for PBXNativeTarget "DressMeUp" */;
			buildPhases = (
				F8394DC3F9AB12D27E27950D /* [CP] Check Pods Manifest.lock */,
				50D1EF542A166AC8008E3DB6 /* Sources */,
				50D1EF552A166AC8008E3DB6 /* Frameworks */,
				50D1EF562A166AC8008E3DB6 /* Resources */,
				BA3D930DA6D64467EAFD2E6D /* [CP] Embed Pods Frameworks */,
			);
			buildRules = (
			);
			dependencies = (
			);
			name = DressMeUp;
			packageProductDependencies = (
				50AD69A42A5BF6C5009C418B /* FirebaseAnalytics */,
				50AD69A62A5BF6C5009C418B /* FirebaseAuth */,
			);
			productName = DressMeUp;
			productReference = 50D1EF582A166AC8008E3DB6 /* DressMeUp.app */;
			productType = "com.apple.product-type.application";
		};
/* End PBXNativeTarget section */

/* Begin PBXProject section */
		50D1EF502A166AC7008E3DB6 /* Project object */ = {
			isa = PBXProject;
			attributes = {
				BuildIndependentTargetsInParallel = 1;
				LastSwiftUpdateCheck = 1430;
				LastUpgradeCheck = 1430;
				TargetAttributes = {
					50D1EF572A166AC8008E3DB6 = {
						CreatedOnToolsVersion = 14.3;
					};
				};
			};
			buildConfigurationList = 50D1EF532A166AC7008E3DB6 /* Build configuration list for PBXProject "DressMeUp" */;
			compatibilityVersion = "Xcode 14.0";
			developmentRegion = en;
			hasScannedForEncodings = 0;
			knownRegions = (
				en,
				Base,
			);
			mainGroup = 50D1EF4F2A166AC7008E3DB6;
			packageReferences = (
				50AD69A32A5BF6C5009C418B /* XCRemoteSwiftPackageReference "firebase-ios-sdk" */,
			);
			productRefGroup = 50D1EF592A166AC8008E3DB6 /* Products */;
			projectDirPath = "";
			projectRoot = "";
			targets = (
				50D1EF572A166AC8008E3DB6 /* DressMeUp */,
			);
		};
/* End PBXProject section */

/* Begin PBXResourcesBuildPhase section */
		50D1EF562A166AC8008E3DB6 /* Resources */ = {
			isa = PBXResourcesBuildPhase;
			buildActionMask = 2147483647;
			files = (
				503834A02A2C99DB00FBEC63 /* OpenSans-Medium.ttf in Resources */,
				50D1EF792A16762C008E3DB6 /* Lato-Black.ttf in Resources */,
				503834A32A2C99DB00FBEC63 /* OpenSans-SemiBold.ttf in Resources */,
				503834A12A2C99DB00FBEC63 /* OpenSans-Light.ttf in Resources */,
				50D1EF7B2A16762C008E3DB6 /* Lato-Bold.ttf in Resources */,
				509E0C722A2B969F00A96F0A /* OpenSans-Bold.ttf in Resources */,
				50D1EF782A16762C008E3DB6 /* Lato-Light.ttf in Resources */,
				50D1EF7A2A16762C008E3DB6 /* Lato-Regular.ttf in Resources */,
				50AD69A92A5BF700009C418B /* GoogleService-Info.plist in Resources */,
				503834A22A2C99DB00FBEC63 /* OpenSans-Regular.ttf in Resources */,
				50D1EF652A166AC9008E3DB6 /* Assets.xcassets in Resources */,
			);
			runOnlyForDeploymentPostprocessing = 0;
		};
/* End PBXResourcesBuildPhase section */

/* Begin PBXShellScriptBuildPhase section */
		BA3D930DA6D64467EAFD2E6D /* [CP] Embed Pods Frameworks */ = {
			isa = PBXShellScriptBuildPhase;
			buildActionMask = 2147483647;
			files = (
			);
			inputFileListPaths = (
				"${PODS_ROOT}/Target Support Files/Pods-DressMeUp/Pods-DressMeUp-frameworks-${CONFIGURATION}-input-files.xcfilelist",
			);
			name = "[CP] Embed Pods Frameworks";
			outputFileListPaths = (
				"${PODS_ROOT}/Target Support Files/Pods-DressMeUp/Pods-DressMeUp-frameworks-${CONFIGURATION}-output-files.xcfilelist",
			);
			runOnlyForDeploymentPostprocessing = 0;
			shellPath = /bin/sh;
			shellScript = "\"${PODS_ROOT}/Target Support Files/Pods-DressMeUp/Pods-DressMeUp-frameworks.sh\"\n";
			showEnvVarsInLog = 0;
		};
		F8394DC3F9AB12D27E27950D /* [CP] Check Pods Manifest.lock */ = {
			isa = PBXShellScriptBuildPhase;
			buildActionMask = 2147483647;
			files = (
			);
			inputFileListPaths = (
			);
			inputPaths = (
				"${PODS_PODFILE_DIR_PATH}/Podfile.lock",
				"${PODS_ROOT}/Manifest.lock",
			);
			name = "[CP] Check Pods Manifest.lock";
			outputFileListPaths = (
			);
			outputPaths = (
				"$(DERIVED_FILE_DIR)/Pods-DressMeUp-checkManifestLockResult.txt",
			);
			runOnlyForDeploymentPostprocessing = 0;
			shellPath = /bin/sh;
			shellScript = "diff \"${PODS_PODFILE_DIR_PATH}/Podfile.lock\" \"${PODS_ROOT}/Manifest.lock\" > /dev/null\nif [ $? != 0 ] ; then\n    # print error to STDERR\n    echo \"error: The sandbox is not in sync with the Podfile.lock. Run 'pod install' or update your CocoaPods installation.\" >&2\n    exit 1\nfi\n# This output is used by Xcode 'outputs' to avoid re-running this script phase.\necho \"SUCCESS\" > \"${SCRIPT_OUTPUT_FILE_0}\"\n";
			showEnvVarsInLog = 0;
		};
/* End PBXShellScriptBuildPhase section */

/* Begin PBXSourcesBuildPhase section */
		50D1EF542A166AC8008E3DB6 /* Sources */ = {
			isa = PBXSourcesBuildPhase;
			buildActionMask = 2147483647;
			files = (
				50A827092A262FC6004FC5E5 /* PhotoExpandedViewController.swift in Sources */,
				50AD69A02A5BEF25009C418B /* SimpleLabel.swift in Sources */,
				50D1EF602A166AC8008E3DB6 /* HomeViewController.swift in Sources */,
				509EC7142A2CDB370082898F /* CustomButton.swift in Sources */,
				503FDFD12A41886B00D5ACF7 /* ChangePasswordViewController.swift in Sources */,
				506009BD2A1E72B9002EE82C /* CustomCollectionViewCell.swift in Sources */,
				50D1EF822A169853008E3DB6 /* ClosetsViewController.swift in Sources */,
				504FDBD92A28DAED00D275D4 /* TopBarView.swift in Sources */,
				50D1EF5C2A166AC8008E3DB6 /* AppDelegate.swift in Sources */,
				5086BE682A2EBEC700275343 /* FieldsContainer.swift in Sources */,
				50AD69A22A5BF05A009C418B /* LoginViewController.swift in Sources */,
				5051352B2A5D396300883383 /* CollectionConfig.swift in Sources */,
				50D1EF842A169862008E3DB6 /* RecentsViewController.swift in Sources */,
				50F145CF2A297751007E39E6 /* SplashScreenViewController.swift in Sources */,
				50D1EF802A16950F008E3DB6 /* MainTabbarController.swift in Sources */,
				50D1EF862A16987B008E3DB6 /* FavouritesViewController.swift in Sources */,
				50E1071C2A2C18CD00AC18DC /* ColorExtension.swift in Sources */,
				50AD699E2A5BECB0009C418B /* SignUpViewController.swift in Sources */,
				50D1EF882A169882008E3DB6 /* ProfileViewController.swift in Sources */,
				50A62DFE2A26DAC300D5669C /* TestViewController.swift in Sources */,
				50D1EF5E2A166AC8008E3DB6 /* SceneDelegate.swift in Sources */,
				503FDFD72A41897400D5ACF7 /* FieldPropertyWrapper.swift in Sources */,
				505135292A5D392000883383 /* FetchPhotos.swift in Sources */,
				507ABE562A282DD800B54499 /* CustomTableViewCell.swift in Sources */,
			);
			runOnlyForDeploymentPostprocessing = 0;
		};
/* End PBXSourcesBuildPhase section */

/* Begin XCBuildConfiguration section */
		50D1EF6A2A166AC9008E3DB6 /* Debug */ = {
			isa = XCBuildConfiguration;
			buildSettings = {
				ALWAYS_SEARCH_USER_PATHS = NO;
				CLANG_ANALYZER_NONNULL = YES;
				CLANG_ANALYZER_NUMBER_OBJECT_CONVERSION = YES_AGGRESSIVE;
				CLANG_CXX_LANGUAGE_STANDARD = "gnu++20";
				CLANG_ENABLE_MODULES = YES;
				CLANG_ENABLE_OBJC_ARC = YES;
				CLANG_ENABLE_OBJC_WEAK = YES;
				CLANG_WARN_BLOCK_CAPTURE_AUTORELEASING = YES;
				CLANG_WARN_BOOL_CONVERSION = YES;
				CLANG_WARN_COMMA = YES;
				CLANG_WARN_CONSTANT_CONVERSION = YES;
				CLANG_WARN_DEPRECATED_OBJC_IMPLEMENTATIONS = YES;
				CLANG_WARN_DIRECT_OBJC_ISA_USAGE = YES_ERROR;
				CLANG_WARN_DOCUMENTATION_COMMENTS = YES;
				CLANG_WARN_EMPTY_BODY = YES;
				CLANG_WARN_ENUM_CONVERSION = YES;
				CLANG_WARN_INFINITE_RECURSION = YES;
				CLANG_WARN_INT_CONVERSION = YES;
				CLANG_WARN_NON_LITERAL_NULL_CONVERSION = YES;
				CLANG_WARN_OBJC_IMPLICIT_RETAIN_SELF = YES;
				CLANG_WARN_OBJC_LITERAL_CONVERSION = YES;
				CLANG_WARN_OBJC_ROOT_CLASS = YES_ERROR;
				CLANG_WARN_QUOTED_INCLUDE_IN_FRAMEWORK_HEADER = YES;
				CLANG_WARN_RANGE_LOOP_ANALYSIS = YES;
				CLANG_WARN_STRICT_PROTOTYPES = YES;
				CLANG_WARN_SUSPICIOUS_MOVE = YES;
				CLANG_WARN_UNGUARDED_AVAILABILITY = YES_AGGRESSIVE;
				CLANG_WARN_UNREACHABLE_CODE = YES;
				CLANG_WARN__DUPLICATE_METHOD_MATCH = YES;
				COPY_PHASE_STRIP = NO;
				DEBUG_INFORMATION_FORMAT = dwarf;
				ENABLE_STRICT_OBJC_MSGSEND = YES;
				ENABLE_TESTABILITY = YES;
				GCC_C_LANGUAGE_STANDARD = gnu11;
				GCC_DYNAMIC_NO_PIC = NO;
				GCC_NO_COMMON_BLOCKS = YES;
				GCC_OPTIMIZATION_LEVEL = 0;
				GCC_PREPROCESSOR_DEFINITIONS = (
					"DEBUG=1",
					"$(inherited)",
				);
				GCC_WARN_64_TO_32_BIT_CONVERSION = YES;
				GCC_WARN_ABOUT_RETURN_TYPE = YES_ERROR;
				GCC_WARN_UNDECLARED_SELECTOR = YES;
				GCC_WARN_UNINITIALIZED_AUTOS = YES_AGGRESSIVE;
				GCC_WARN_UNUSED_FUNCTION = YES;
				GCC_WARN_UNUSED_VARIABLE = YES;
				IPHONEOS_DEPLOYMENT_TARGET = 16.4;
				MTL_ENABLE_DEBUG_INFO = INCLUDE_SOURCE;
				MTL_FAST_MATH = YES;
				ONLY_ACTIVE_ARCH = YES;
				SDKROOT = iphoneos;
				SWIFT_ACTIVE_COMPILATION_CONDITIONS = DEBUG;
				SWIFT_OPTIMIZATION_LEVEL = "-Onone";
			};
			name = Debug;
		};
		50D1EF6B2A166AC9008E3DB6 /* Release */ = {
			isa = XCBuildConfiguration;
			buildSettings = {
				ALWAYS_SEARCH_USER_PATHS = NO;
				CLANG_ANALYZER_NONNULL = YES;
				CLANG_ANALYZER_NUMBER_OBJECT_CONVERSION = YES_AGGRESSIVE;
				CLANG_CXX_LANGUAGE_STANDARD = "gnu++20";
				CLANG_ENABLE_MODULES = YES;
				CLANG_ENABLE_OBJC_ARC = YES;
				CLANG_ENABLE_OBJC_WEAK = YES;
				CLANG_WARN_BLOCK_CAPTURE_AUTORELEASING = YES;
				CLANG_WARN_BOOL_CONVERSION = YES;
				CLANG_WARN_COMMA = YES;
				CLANG_WARN_CONSTANT_CONVERSION = YES;
				CLANG_WARN_DEPRECATED_OBJC_IMPLEMENTATIONS = YES;
				CLANG_WARN_DIRECT_OBJC_ISA_USAGE = YES_ERROR;
				CLANG_WARN_DOCUMENTATION_COMMENTS = YES;
				CLANG_WARN_EMPTY_BODY = YES;
				CLANG_WARN_ENUM_CONVERSION = YES;
				CLANG_WARN_INFINITE_RECURSION = YES;
				CLANG_WARN_INT_CONVERSION = YES;
				CLANG_WARN_NON_LITERAL_NULL_CONVERSION = YES;
				CLANG_WARN_OBJC_IMPLICIT_RETAIN_SELF = YES;
				CLANG_WARN_OBJC_LITERAL_CONVERSION = YES;
				CLANG_WARN_OBJC_ROOT_CLASS = YES_ERROR;
				CLANG_WARN_QUOTED_INCLUDE_IN_FRAMEWORK_HEADER = YES;
				CLANG_WARN_RANGE_LOOP_ANALYSIS = YES;
				CLANG_WARN_STRICT_PROTOTYPES = YES;
				CLANG_WARN_SUSPICIOUS_MOVE = YES;
				CLANG_WARN_UNGUARDED_AVAILABILITY = YES_AGGRESSIVE;
				CLANG_WARN_UNREACHABLE_CODE = YES;
				CLANG_WARN__DUPLICATE_METHOD_MATCH = YES;
				COPY_PHASE_STRIP = NO;
				DEBUG_INFORMATION_FORMAT = "dwarf-with-dsym";
				ENABLE_NS_ASSERTIONS = NO;
				ENABLE_STRICT_OBJC_MSGSEND = YES;
				GCC_C_LANGUAGE_STANDARD = gnu11;
				GCC_NO_COMMON_BLOCKS = YES;
				GCC_WARN_64_TO_32_BIT_CONVERSION = YES;
				GCC_WARN_ABOUT_RETURN_TYPE = YES_ERROR;
				GCC_WARN_UNDECLARED_SELECTOR = YES;
				GCC_WARN_UNINITIALIZED_AUTOS = YES_AGGRESSIVE;
				GCC_WARN_UNUSED_FUNCTION = YES;
				GCC_WARN_UNUSED_VARIABLE = YES;
				IPHONEOS_DEPLOYMENT_TARGET = 16.4;
				MTL_ENABLE_DEBUG_INFO = NO;
				MTL_FAST_MATH = YES;
				SDKROOT = iphoneos;
				SWIFT_COMPILATION_MODE = wholemodule;
				SWIFT_OPTIMIZATION_LEVEL = "-O";
				VALIDATE_PRODUCT = YES;
			};
			name = Release;
		};
		50D1EF6D2A166AC9008E3DB6 /* Debug */ = {
			isa = XCBuildConfiguration;
			baseConfigurationReference = 0AB0AC01A5B03E688A5598F9 /* Pods-DressMeUp.debug.xcconfig */;
			buildSettings = {
				ASSETCATALOG_COMPILER_APPICON_NAME = AppIcon;
				ASSETCATALOG_COMPILER_GLOBAL_ACCENT_COLOR_NAME = AccentColor;
				CODE_SIGN_STYLE = Automatic;
				CURRENT_PROJECT_VERSION = 1;
				DEVELOPMENT_TEAM = WU69N4C677;
				GENERATE_INFOPLIST_FILE = YES;
				INFOPLIST_FILE = DressMeUp/Info.plist;
				INFOPLIST_KEY_UIApplicationSupportsIndirectInputEvents = YES;
				INFOPLIST_KEY_UILaunchStoryboardName = LaunchScreen;
				INFOPLIST_KEY_UISupportedInterfaceOrientations_iPad = "UIInterfaceOrientationPortrait UIInterfaceOrientationPortraitUpsideDown UIInterfaceOrientationLandscapeLeft UIInterfaceOrientationLandscapeRight";
				INFOPLIST_KEY_UISupportedInterfaceOrientations_iPhone = "UIInterfaceOrientationPortrait UIInterfaceOrientationLandscapeLeft UIInterfaceOrientationLandscapeRight";
				IPHONEOS_DEPLOYMENT_TARGET = 13.0;
				LD_RUNPATH_SEARCH_PATHS = (
					"$(inherited)",
					"@executable_path/Frameworks",
				);
				MARKETING_VERSION = 1.0;
				PRODUCT_BUNDLE_IDENTIFIER = com.sangesherpa.DressMeUp;
				PRODUCT_NAME = "$(TARGET_NAME)";
				SWIFT_EMIT_LOC_STRINGS = YES;
				SWIFT_VERSION = 5.0;
				TARGETED_DEVICE_FAMILY = "1,2";
			};
			name = Debug;
		};
		50D1EF6E2A166AC9008E3DB6 /* Release */ = {
			isa = XCBuildConfiguration;
			baseConfigurationReference = 529C9E2B426A614AB38B17F2 /* Pods-DressMeUp.release.xcconfig */;
			buildSettings = {
				ASSETCATALOG_COMPILER_APPICON_NAME = AppIcon;
				ASSETCATALOG_COMPILER_GLOBAL_ACCENT_COLOR_NAME = AccentColor;
				CODE_SIGN_STYLE = Automatic;
				CURRENT_PROJECT_VERSION = 1;
				DEVELOPMENT_TEAM = WU69N4C677;
				GENERATE_INFOPLIST_FILE = YES;
				INFOPLIST_FILE = DressMeUp/Info.plist;
				INFOPLIST_KEY_UIApplicationSupportsIndirectInputEvents = YES;
				INFOPLIST_KEY_UILaunchStoryboardName = LaunchScreen;
				INFOPLIST_KEY_UISupportedInterfaceOrientations_iPad = "UIInterfaceOrientationPortrait UIInterfaceOrientationPortraitUpsideDown UIInterfaceOrientationLandscapeLeft UIInterfaceOrientationLandscapeRight";
				INFOPLIST_KEY_UISupportedInterfaceOrientations_iPhone = "UIInterfaceOrientationPortrait UIInterfaceOrientationLandscapeLeft UIInterfaceOrientationLandscapeRight";
				IPHONEOS_DEPLOYMENT_TARGET = 13.0;
				LD_RUNPATH_SEARCH_PATHS = (
					"$(inherited)",
					"@executable_path/Frameworks",
				);
				MARKETING_VERSION = 1.0;
				PRODUCT_BUNDLE_IDENTIFIER = com.sangesherpa.DressMeUp;
				PRODUCT_NAME = "$(TARGET_NAME)";
				SWIFT_EMIT_LOC_STRINGS = YES;
				SWIFT_VERSION = 5.0;
				TARGETED_DEVICE_FAMILY = "1,2";
			};
			name = Release;
		};
/* End XCBuildConfiguration section */

/* Begin XCConfigurationList section */
		50D1EF532A166AC7008E3DB6 /* Build configuration list for PBXProject "DressMeUp" */ = {
			isa = XCConfigurationList;
			buildConfigurations = (
				50D1EF6A2A166AC9008E3DB6 /* Debug */,
				50D1EF6B2A166AC9008E3DB6 /* Release */,
			);
			defaultConfigurationIsVisible = 0;
			defaultConfigurationName = Release;
		};
		50D1EF6C2A166AC9008E3DB6 /* Build configuration list for PBXNativeTarget "DressMeUp" */ = {
			isa = XCConfigurationList;
			buildConfigurations = (
				50D1EF6D2A166AC9008E3DB6 /* Debug */,
				50D1EF6E2A166AC9008E3DB6 /* Release */,
			);
			defaultConfigurationIsVisible = 0;
			defaultConfigurationName = Release;
		};
/* End XCConfigurationList section */

/* Begin XCRemoteSwiftPackageReference section */
		50AD69A32A5BF6C5009C418B /* XCRemoteSwiftPackageReference "firebase-ios-sdk" */ = {
			isa = XCRemoteSwiftPackageReference;
			repositoryURL = "https://github.com/firebase/firebase-ios-sdk";
			requirement = {
				kind = upToNextMajorVersion;
				minimumVersion = 10.0.0;
			};
		};
/* End XCRemoteSwiftPackageReference section */

/* Begin XCSwiftPackageProductDependency section */
		50AD69A42A5BF6C5009C418B /* FirebaseAnalytics */ = {
			isa = XCSwiftPackageProductDependency;
			package = 50AD69A32A5BF6C5009C418B /* XCRemoteSwiftPackageReference "firebase-ios-sdk" */;
			productName = FirebaseAnalytics;
		};
		50AD69A62A5BF6C5009C418B /* FirebaseAuth */ = {
			isa = XCSwiftPackageProductDependency;
			package = 50AD69A32A5BF6C5009C418B /* XCRemoteSwiftPackageReference "firebase-ios-sdk" */;
			productName = FirebaseAuth;
		};
/* End XCSwiftPackageProductDependency section */
	};
	rootObject = 50D1EF502A166AC7008E3DB6 /* Project object */;
}
