// !$*UTF8*$!
{
	archiveVersion = 1;
	classes = {
	};
	objectVersion = 56;
	objects = {

/* Begin PBXBuildFile section */
		07E3496CF11B2B9ECF00DCC6 /* Pods_DressMeUp.framework in Frameworks */ = {isa = PBXBuildFile; fileRef = 89CCC18C64624007287B2C0B /* Pods_DressMeUp.framework */; };
		5001562F2B1372BB00F8FF57 /* ProfileViewModel.swift in Sources */ = {isa = PBXBuildFile; fileRef = 5001562E2B1372BB00F8FF57 /* ProfileViewModel.swift */; };
		500156312B13775000F8FF57 /* ChangePasswordView.swift in Sources */ = {isa = PBXBuildFile; fileRef = 500156302B13775000F8FF57 /* ChangePasswordView.swift */; };
		500156332B13775800F8FF57 /* ChangePasswordViewModel.swift in Sources */ = {isa = PBXBuildFile; fileRef = 500156322B13775800F8FF57 /* ChangePasswordViewModel.swift */; };
		50161AA72B0A3B56001234A0 /* LoginViewModel.swift in Sources */ = {isa = PBXBuildFile; fileRef = 50161AA62B0A3B56001234A0 /* LoginViewModel.swift */; };
		50161AA92B0A3B5E001234A0 /* User.swift in Sources */ = {isa = PBXBuildFile; fileRef = 50161AA82B0A3B5E001234A0 /* User.swift */; };
		503FF8F22A5E859F004386D9 /* FirebaseAnalytics in Frameworks */ = {isa = PBXBuildFile; productRef = 503FF8F12A5E859F004386D9 /* FirebaseAnalytics */; };
		503FF8F42A5E859F004386D9 /* FirebaseAuth in Frameworks */ = {isa = PBXBuildFile; productRef = 503FF8F32A5E859F004386D9 /* FirebaseAuth */; };
		5068975F2B162C4B0041BF10 /* OutfitViewModel.swift in Sources */ = {isa = PBXBuildFile; fileRef = 5068975E2B162C4B0041BF10 /* OutfitViewModel.swift */; };
		506897612B162C520041BF10 /* OutfitView.swift in Sources */ = {isa = PBXBuildFile; fileRef = 506897602B162C520041BF10 /* OutfitView.swift */; };
		506897672B16400B0041BF10 /* CustomTitleView.swift in Sources */ = {isa = PBXBuildFile; fileRef = 506897662B16400B0041BF10 /* CustomTitleView.swift */; };
		506897692B1645F40041BF10 /* SingleItemView.swift in Sources */ = {isa = PBXBuildFile; fileRef = 506897682B1645F40041BF10 /* SingleItemView.swift */; };
		5068976B2B16484A0041BF10 /* fonts in Resources */ = {isa = PBXBuildFile; fileRef = 5068976A2B16484A0041BF10 /* fonts */; };
		5068976D2B1648FB0041BF10 /* OutfitItemView.swift in Sources */ = {isa = PBXBuildFile; fileRef = 5068976C2B1648FB0041BF10 /* OutfitItemView.swift */; };
		506897702B164DC60041BF10 /* CameraView.swift in Sources */ = {isa = PBXBuildFile; fileRef = 5068976F2B164DC50041BF10 /* CameraView.swift */; };
		506897732B164ED30041BF10 /* Encodable.swift in Sources */ = {isa = PBXBuildFile; fileRef = 506897722B164ED30041BF10 /* Encodable.swift */; };
		50AD69A92A5BF700009C418B /* GoogleService-Info.plist in Resources */ = {isa = PBXBuildFile; fileRef = 50AD69A82A5BF700009C418B /* GoogleService-Info.plist */; };
		50B1EF382A78FAA000DCE28E /* UnsplashPhotoPicker in Frameworks */ = {isa = PBXBuildFile; productRef = 50B1EF372A78FAA000DCE28E /* UnsplashPhotoPicker */; };
		50CBD7382B11D80F0063FDE2 /* FirebaseFirestore in Frameworks */ = {isa = PBXBuildFile; productRef = 50CBD7372B11D80F0063FDE2 /* FirebaseFirestore */; };
		50CBD73A2B11D80F0063FDE2 /* FirebaseFirestoreSwift in Frameworks */ = {isa = PBXBuildFile; productRef = 50CBD7392B11D80F0063FDE2 /* FirebaseFirestoreSwift */; };
		50CBD73E2B11F04C0063FDE2 /* RegisterView.swift in Sources */ = {isa = PBXBuildFile; fileRef = 50CBD73D2B11F04C0063FDE2 /* RegisterView.swift */; };
		50CBD7422B11F07D0063FDE2 /* RegisterViewModel.swift in Sources */ = {isa = PBXBuildFile; fileRef = 50CBD7412B11F07D0063FDE2 /* RegisterViewModel.swift */; };
		50CBD7442B11F0D20063FDE2 /* LoginView.swift in Sources */ = {isa = PBXBuildFile; fileRef = 50CBD7432B11F0D20063FDE2 /* LoginView.swift */; };
		50CBD7472B11F2B20063FDE2 /* HeaderView.swift in Sources */ = {isa = PBXBuildFile; fileRef = 50CBD7462B11F2B20063FDE2 /* HeaderView.swift */; };
		50CBD74C2B11F3F50063FDE2 /* MainView.swift in Sources */ = {isa = PBXBuildFile; fileRef = 50CBD74B2B11F3F50063FDE2 /* MainView.swift */; };
		50CBD74E2B11F8470063FDE2 /* CustomButtonView.swift in Sources */ = {isa = PBXBuildFile; fileRef = 50CBD74D2B11F8470063FDE2 /* CustomButtonView.swift */; };
		50CBD7502B12485C0063FDE2 /* MainViewModel.swift in Sources */ = {isa = PBXBuildFile; fileRef = 50CBD74F2B12485C0063FDE2 /* MainViewModel.swift */; };
		50CBD7532B124D700063FDE2 /* ProfileView.swift in Sources */ = {isa = PBXBuildFile; fileRef = 50CBD7522B124D700063FDE2 /* ProfileView.swift */; };
		50D1EF5C2A166AC8008E3DB6 /* AppDelegate.swift in Sources */ = {isa = PBXBuildFile; fileRef = 50D1EF5B2A166AC8008E3DB6 /* AppDelegate.swift */; };
		50D1EF5E2A166AC8008E3DB6 /* SceneDelegate.swift in Sources */ = {isa = PBXBuildFile; fileRef = 50D1EF5D2A166AC8008E3DB6 /* SceneDelegate.swift */; };
		50D1EF652A166AC9008E3DB6 /* Assets.xcassets in Resources */ = {isa = PBXBuildFile; fileRef = 50D1EF642A166AC9008E3DB6 /* Assets.xcassets */; };
/* End PBXBuildFile section */

/* Begin PBXFileReference section */
		0AB0AC01A5B03E688A5598F9 /* Pods-DressMeUp.debug.xcconfig */ = {isa = PBXFileReference; includeInIndex = 1; lastKnownFileType = text.xcconfig; name = "Pods-DressMeUp.debug.xcconfig"; path = "Target Support Files/Pods-DressMeUp/Pods-DressMeUp.debug.xcconfig"; sourceTree = "<group>"; };
		5001562E2B1372BB00F8FF57 /* ProfileViewModel.swift */ = {isa = PBXFileReference; lastKnownFileType = sourcecode.swift; path = ProfileViewModel.swift; sourceTree = "<group>"; };
		500156302B13775000F8FF57 /* ChangePasswordView.swift */ = {isa = PBXFileReference; lastKnownFileType = sourcecode.swift; path = ChangePasswordView.swift; sourceTree = "<group>"; };
		500156322B13775800F8FF57 /* ChangePasswordViewModel.swift */ = {isa = PBXFileReference; lastKnownFileType = sourcecode.swift; path = ChangePasswordViewModel.swift; sourceTree = "<group>"; };
		50161AA62B0A3B56001234A0 /* LoginViewModel.swift */ = {isa = PBXFileReference; lastKnownFileType = sourcecode.swift; path = LoginViewModel.swift; sourceTree = "<group>"; };
		50161AA82B0A3B5E001234A0 /* User.swift */ = {isa = PBXFileReference; lastKnownFileType = sourcecode.swift; path = User.swift; sourceTree = "<group>"; };
		5068975E2B162C4B0041BF10 /* OutfitViewModel.swift */ = {isa = PBXFileReference; lastKnownFileType = sourcecode.swift; path = OutfitViewModel.swift; sourceTree = "<group>"; };
		506897602B162C520041BF10 /* OutfitView.swift */ = {isa = PBXFileReference; lastKnownFileType = sourcecode.swift; path = OutfitView.swift; sourceTree = "<group>"; };
		506897662B16400B0041BF10 /* CustomTitleView.swift */ = {isa = PBXFileReference; lastKnownFileType = sourcecode.swift; path = CustomTitleView.swift; sourceTree = "<group>"; };
		506897682B1645F40041BF10 /* SingleItemView.swift */ = {isa = PBXFileReference; lastKnownFileType = sourcecode.swift; path = SingleItemView.swift; sourceTree = "<group>"; };
		5068976A2B16484A0041BF10 /* fonts */ = {isa = PBXFileReference; lastKnownFileType = folder; path = fonts; sourceTree = "<group>"; };
		5068976C2B1648FB0041BF10 /* OutfitItemView.swift */ = {isa = PBXFileReference; lastKnownFileType = sourcecode.swift; path = OutfitItemView.swift; sourceTree = "<group>"; };
		5068976F2B164DC50041BF10 /* CameraView.swift */ = {isa = PBXFileReference; lastKnownFileType = sourcecode.swift; path = CameraView.swift; sourceTree = "<group>"; };
		506897722B164ED30041BF10 /* Encodable.swift */ = {isa = PBXFileReference; lastKnownFileType = sourcecode.swift; path = Encodable.swift; sourceTree = "<group>"; };
		50AD69A82A5BF700009C418B /* GoogleService-Info.plist */ = {isa = PBXFileReference; fileEncoding = 4; lastKnownFileType = text.plist.xml; path = "GoogleService-Info.plist"; sourceTree = "<group>"; };
		50CBD73D2B11F04C0063FDE2 /* RegisterView.swift */ = {isa = PBXFileReference; lastKnownFileType = sourcecode.swift; path = RegisterView.swift; sourceTree = "<group>"; };
		50CBD7412B11F07D0063FDE2 /* RegisterViewModel.swift */ = {isa = PBXFileReference; lastKnownFileType = sourcecode.swift; path = RegisterViewModel.swift; sourceTree = "<group>"; };
		50CBD7432B11F0D20063FDE2 /* LoginView.swift */ = {isa = PBXFileReference; lastKnownFileType = sourcecode.swift; path = LoginView.swift; sourceTree = "<group>"; };
		50CBD7462B11F2B20063FDE2 /* HeaderView.swift */ = {isa = PBXFileReference; lastKnownFileType = sourcecode.swift; path = HeaderView.swift; sourceTree = "<group>"; };
		50CBD74B2B11F3F50063FDE2 /* MainView.swift */ = {isa = PBXFileReference; lastKnownFileType = sourcecode.swift; path = MainView.swift; sourceTree = "<group>"; };
		50CBD74D2B11F8470063FDE2 /* CustomButtonView.swift */ = {isa = PBXFileReference; lastKnownFileType = sourcecode.swift; path = CustomButtonView.swift; sourceTree = "<group>"; };
		50CBD74F2B12485C0063FDE2 /* MainViewModel.swift */ = {isa = PBXFileReference; lastKnownFileType = sourcecode.swift; path = MainViewModel.swift; sourceTree = "<group>"; };
		50CBD7522B124D700063FDE2 /* ProfileView.swift */ = {isa = PBXFileReference; lastKnownFileType = sourcecode.swift; path = ProfileView.swift; sourceTree = "<group>"; };
		50D1EF582A166AC8008E3DB6 /* DressMeUp.app */ = {isa = PBXFileReference; explicitFileType = wrapper.application; includeInIndex = 0; path = DressMeUp.app; sourceTree = BUILT_PRODUCTS_DIR; };
		50D1EF5B2A166AC8008E3DB6 /* AppDelegate.swift */ = {isa = PBXFileReference; lastKnownFileType = sourcecode.swift; path = AppDelegate.swift; sourceTree = "<group>"; };
		50D1EF5D2A166AC8008E3DB6 /* SceneDelegate.swift */ = {isa = PBXFileReference; lastKnownFileType = sourcecode.swift; path = SceneDelegate.swift; sourceTree = "<group>"; };
		50D1EF642A166AC9008E3DB6 /* Assets.xcassets */ = {isa = PBXFileReference; lastKnownFileType = folder.assetcatalog; path = Assets.xcassets; sourceTree = "<group>"; };
		50D1EF692A166AC9008E3DB6 /* Info.plist */ = {isa = PBXFileReference; lastKnownFileType = text.plist.xml; path = Info.plist; sourceTree = "<group>"; };
		529C9E2B426A614AB38B17F2 /* Pods-DressMeUp.release.xcconfig */ = {isa = PBXFileReference; includeInIndex = 1; lastKnownFileType = text.xcconfig; name = "Pods-DressMeUp.release.xcconfig"; path = "Target Support Files/Pods-DressMeUp/Pods-DressMeUp.release.xcconfig"; sourceTree = "<group>"; };
		89CCC18C64624007287B2C0B /* Pods_DressMeUp.framework */ = {isa = PBXFileReference; explicitFileType = wrapper.framework; includeInIndex = 0; path = Pods_DressMeUp.framework; sourceTree = BUILT_PRODUCTS_DIR; };
/* End PBXFileReference section */

/* Begin PBXFrameworksBuildPhase section */
		50D1EF552A166AC8008E3DB6 /* Frameworks */ = {
			isa = PBXFrameworksBuildPhase;
			buildActionMask = 2147483647;
			files = (
				503FF8F22A5E859F004386D9 /* FirebaseAnalytics in Frameworks */,
				50B1EF382A78FAA000DCE28E /* UnsplashPhotoPicker in Frameworks */,
				503FF8F42A5E859F004386D9 /* FirebaseAuth in Frameworks */,
				07E3496CF11B2B9ECF00DCC6 /* Pods_DressMeUp.framework in Frameworks */,
				50CBD7382B11D80F0063FDE2 /* FirebaseFirestore in Frameworks */,
				50CBD73A2B11D80F0063FDE2 /* FirebaseFirestoreSwift in Frameworks */,
			);
			runOnlyForDeploymentPostprocessing = 0;
		};
/* End PBXFrameworksBuildPhase section */

/* Begin PBXGroup section */
		3736311B943C06A4A9A001D2 /* Frameworks */ = {
			isa = PBXGroup;
			children = (
				89CCC18C64624007287B2C0B /* Pods_DressMeUp.framework */,
			);
			name = Frameworks;
			sourceTree = "<group>";
		};
		50161AA52B0A3B32001234A0 /* Login */ = {
			isa = PBXGroup;
			children = (
				50161AA62B0A3B56001234A0 /* LoginViewModel.swift */,
				50161AA82B0A3B5E001234A0 /* User.swift */,
				50CBD7432B11F0D20063FDE2 /* LoginView.swift */,
			);
			path = Login;
			sourceTree = "<group>";
		};
		50161AAA2B0A3BD4001234A0 /* Registration */ = {
			isa = PBXGroup;
			children = (
				50CBD73D2B11F04C0063FDE2 /* RegisterView.swift */,
				50CBD7412B11F07D0063FDE2 /* RegisterViewModel.swift */,
			);
			path = Registration;
			sourceTree = "<group>";
		};
		5068975D2B162C340041BF10 /* OutiftTab */ = {
			isa = PBXGroup;
			children = (
				5068975E2B162C4B0041BF10 /* OutfitViewModel.swift */,
				506897602B162C520041BF10 /* OutfitView.swift */,
				506897682B1645F40041BF10 /* SingleItemView.swift */,
				5068976C2B1648FB0041BF10 /* OutfitItemView.swift */,
			);
			path = OutiftTab;
			sourceTree = "<group>";
		};
		5068976E2B164DA50041BF10 /* CameraTab */ = {
			isa = PBXGroup;
			children = (
				5068976F2B164DC50041BF10 /* CameraView.swift */,
			);
			path = CameraTab;
			sourceTree = "<group>";
		};
		506897712B164EBC0041BF10 /* Extensions */ = {
			isa = PBXGroup;
			children = (
				506897722B164ED30041BF10 /* Encodable.swift */,
			);
			path = Extensions;
			sourceTree = "<group>";
		};
		50CBD7452B11F2900063FDE2 /* Common Views */ = {
			isa = PBXGroup;
			children = (
				50CBD7462B11F2B20063FDE2 /* HeaderView.swift */,
				50CBD74D2B11F8470063FDE2 /* CustomButtonView.swift */,
				506897662B16400B0041BF10 /* CustomTitleView.swift */,
			);
			path = "Common Views";
			sourceTree = "<group>";
		};
		50CBD7482B11F3E10063FDE2 /* Main */ = {
			isa = PBXGroup;
			children = (
				50CBD74B2B11F3F50063FDE2 /* MainView.swift */,
				50CBD74F2B12485C0063FDE2 /* MainViewModel.swift */,
			);
			path = Main;
			sourceTree = "<group>";
		};
		50CBD7512B124D580063FDE2 /* ProfileTab */ = {
			isa = PBXGroup;
			children = (
				50CBD7522B124D700063FDE2 /* ProfileView.swift */,
				5001562E2B1372BB00F8FF57 /* ProfileViewModel.swift */,
				500156302B13775000F8FF57 /* ChangePasswordView.swift */,
				500156322B13775800F8FF57 /* ChangePasswordViewModel.swift */,
			);
			path = ProfileTab;
			sourceTree = "<group>";
		};
		50D1EF4F2A166AC7008E3DB6 = {
			isa = PBXGroup;
			children = (
				50D1EF5A2A166AC8008E3DB6 /* DressMeUp */,
				50D1EF592A166AC8008E3DB6 /* Products */,
				C781E9C50421828BBF873A02 /* Pods */,
				3736311B943C06A4A9A001D2 /* Frameworks */,
			);
			sourceTree = "<group>";
		};
		50D1EF592A166AC8008E3DB6 /* Products */ = {
			isa = PBXGroup;
			children = (
				50D1EF582A166AC8008E3DB6 /* DressMeUp.app */,
			);
			name = Products;
			sourceTree = "<group>";
		};
		50D1EF5A2A166AC8008E3DB6 /* DressMeUp */ = {
			isa = PBXGroup;
			children = (
				506897712B164EBC0041BF10 /* Extensions */,
				5068976E2B164DA50041BF10 /* CameraTab */,
				5068976A2B16484A0041BF10 /* fonts */,
				5068975D2B162C340041BF10 /* OutiftTab */,
				50CBD7512B124D580063FDE2 /* ProfileTab */,
				50CBD7482B11F3E10063FDE2 /* Main */,
				50CBD7452B11F2900063FDE2 /* Common Views */,
				50161AAA2B0A3BD4001234A0 /* Registration */,
				50161AA52B0A3B32001234A0 /* Login */,
				50AD69A82A5BF700009C418B /* GoogleService-Info.plist */,
				50D1EF6F2A166B5E008E3DB6 /* Supporting Files */,
				50D1EF642A166AC9008E3DB6 /* Assets.xcassets */,
				50D1EF692A166AC9008E3DB6 /* Info.plist */,
			);
			path = DressMeUp;
			sourceTree = "<group>";
		};
		50D1EF6F2A166B5E008E3DB6 /* Supporting Files */ = {
			isa = PBXGroup;
			children = (
				50D1EF5B2A166AC8008E3DB6 /* AppDelegate.swift */,
				50D1EF5D2A166AC8008E3DB6 /* SceneDelegate.swift */,
			);
			path = "Supporting Files";
			sourceTree = "<group>";
		};
		C781E9C50421828BBF873A02 /* Pods */ = {
			isa = PBXGroup;
			children = (
				0AB0AC01A5B03E688A5598F9 /* Pods-DressMeUp.debug.xcconfig */,
				529C9E2B426A614AB38B17F2 /* Pods-DressMeUp.release.xcconfig */,
			);
			path = Pods;
			sourceTree = "<group>";
		};
/* End PBXGroup section */

/* Begin PBXNativeTarget section */
		50D1EF572A166AC8008E3DB6 /* DressMeUp */ = {
			isa = PBXNativeTarget;
			buildConfigurationList = 50D1EF6C2A166AC9008E3DB6 /* Build configuration list for PBXNativeTarget "DressMeUp" */;
			buildPhases = (
				F8394DC3F9AB12D27E27950D /* [CP] Check Pods Manifest.lock */,
				50D1EF542A166AC8008E3DB6 /* Sources */,
				50D1EF552A166AC8008E3DB6 /* Frameworks */,
				50D1EF562A166AC8008E3DB6 /* Resources */,
				BA3D930DA6D64467EAFD2E6D /* [CP] Embed Pods Frameworks */,
			);
			buildRules = (
			);
			dependencies = (
			);
			name = DressMeUp;
			packageProductDependencies = (
				503FF8F12A5E859F004386D9 /* FirebaseAnalytics */,
				503FF8F32A5E859F004386D9 /* FirebaseAuth */,
				50B1EF372A78FAA000DCE28E /* UnsplashPhotoPicker */,
				50CBD7372B11D80F0063FDE2 /* FirebaseFirestore */,
				50CBD7392B11D80F0063FDE2 /* FirebaseFirestoreSwift */,
			);
			productName = DressMeUp;
			productReference = 50D1EF582A166AC8008E3DB6 /* DressMeUp.app */;
			productType = "com.apple.product-type.application";
		};
/* End PBXNativeTarget section */

/* Begin PBXProject section */
		50D1EF502A166AC7008E3DB6 /* Project object */ = {
			isa = PBXProject;
			attributes = {
				BuildIndependentTargetsInParallel = 1;
				LastSwiftUpdateCheck = 1430;
				LastUpgradeCheck = 1430;
				TargetAttributes = {
					50D1EF572A166AC8008E3DB6 = {
						CreatedOnToolsVersion = 14.3;
					};
				};
			};
			buildConfigurationList = 50D1EF532A166AC7008E3DB6 /* Build configuration list for PBXProject "DressMeUp" */;
			compatibilityVersion = "Xcode 14.0";
			developmentRegion = en;
			hasScannedForEncodings = 0;
			knownRegions = (
				en,
				Base,
			);
			mainGroup = 50D1EF4F2A166AC7008E3DB6;
			packageReferences = (
				503FF8F02A5E859F004386D9 /* XCRemoteSwiftPackageReference "firebase-ios-sdk" */,
				50B1EF362A78FAA000DCE28E /* XCRemoteSwiftPackageReference "unsplash-photopicker-ios" */,
				50588E152A8F5D350098A9D2 /* XCRemoteSwiftPackageReference "realm-swift" */,
			);
			productRefGroup = 50D1EF592A166AC8008E3DB6 /* Products */;
			projectDirPath = "";
			projectRoot = "";
			targets = (
				50D1EF572A166AC8008E3DB6 /* DressMeUp */,
			);
		};
/* End PBXProject section */

/* Begin PBXResourcesBuildPhase section */
		50D1EF562A166AC8008E3DB6 /* Resources */ = {
			isa = PBXResourcesBuildPhase;
			buildActionMask = 2147483647;
			files = (
				5068976B2B16484A0041BF10 /* fonts in Resources */,
				50AD69A92A5BF700009C418B /* GoogleService-Info.plist in Resources */,
				50D1EF652A166AC9008E3DB6 /* Assets.xcassets in Resources */,
			);
			runOnlyForDeploymentPostprocessing = 0;
		};
/* End PBXResourcesBuildPhase section */

/* Begin PBXShellScriptBuildPhase section */
		BA3D930DA6D64467EAFD2E6D /* [CP] Embed Pods Frameworks */ = {
			isa = PBXShellScriptBuildPhase;
			buildActionMask = 2147483647;
			files = (
			);
			inputFileListPaths = (
				"${PODS_ROOT}/Target Support Files/Pods-DressMeUp/Pods-DressMeUp-frameworks-${CONFIGURATION}-input-files.xcfilelist",
			);
			name = "[CP] Embed Pods Frameworks";
			outputFileListPaths = (
				"${PODS_ROOT}/Target Support Files/Pods-DressMeUp/Pods-DressMeUp-frameworks-${CONFIGURATION}-output-files.xcfilelist",
			);
			runOnlyForDeploymentPostprocessing = 0;
			shellPath = /bin/sh;
			shellScript = "\"${PODS_ROOT}/Target Support Files/Pods-DressMeUp/Pods-DressMeUp-frameworks.sh\"\n";
			showEnvVarsInLog = 0;
		};
		F8394DC3F9AB12D27E27950D /* [CP] Check Pods Manifest.lock */ = {
			isa = PBXShellScriptBuildPhase;
			buildActionMask = 2147483647;
			files = (
			);
			inputFileListPaths = (
			);
			inputPaths = (
				"${PODS_PODFILE_DIR_PATH}/Podfile.lock",
				"${PODS_ROOT}/Manifest.lock",
			);
			name = "[CP] Check Pods Manifest.lock";
			outputFileListPaths = (
			);
			outputPaths = (
				"$(DERIVED_FILE_DIR)/Pods-DressMeUp-checkManifestLockResult.txt",
			);
			runOnlyForDeploymentPostprocessing = 0;
			shellPath = /bin/sh;
			shellScript = "diff \"${PODS_PODFILE_DIR_PATH}/Podfile.lock\" \"${PODS_ROOT}/Manifest.lock\" > /dev/null\nif [ $? != 0 ] ; then\n    # print error to STDERR\n    echo \"error: The sandbox is not in sync with the Podfile.lock. Run 'pod install' or update your CocoaPods installation.\" >&2\n    exit 1\nfi\n# This output is used by Xcode 'outputs' to avoid re-running this script phase.\necho \"SUCCESS\" > \"${SCRIPT_OUTPUT_FILE_0}\"\n";
			showEnvVarsInLog = 0;
		};
/* End PBXShellScriptBuildPhase section */

/* Begin PBXSourcesBuildPhase section */
		50D1EF542A166AC8008E3DB6 /* Sources */ = {
			isa = PBXSourcesBuildPhase;
			buildActionMask = 2147483647;
			files = (
				50CBD74C2B11F3F50063FDE2 /* MainView.swift in Sources */,
				50CBD74E2B11F8470063FDE2 /* CustomButtonView.swift in Sources */,
				50CBD7422B11F07D0063FDE2 /* RegisterViewModel.swift in Sources */,
				506897612B162C520041BF10 /* OutfitView.swift in Sources */,
				50CBD7442B11F0D20063FDE2 /* LoginView.swift in Sources */,
				50CBD73E2B11F04C0063FDE2 /* RegisterView.swift in Sources */,
				50D1EF5C2A166AC8008E3DB6 /* AppDelegate.swift in Sources */,
				506897702B164DC60041BF10 /* CameraView.swift in Sources */,
				500156312B13775000F8FF57 /* ChangePasswordView.swift in Sources */,
				506897692B1645F40041BF10 /* SingleItemView.swift in Sources */,
				5068976D2B1648FB0041BF10 /* OutfitItemView.swift in Sources */,
				50CBD7472B11F2B20063FDE2 /* HeaderView.swift in Sources */,
				5001562F2B1372BB00F8FF57 /* ProfileViewModel.swift in Sources */,
				50D1EF5E2A166AC8008E3DB6 /* SceneDelegate.swift in Sources */,
				500156332B13775800F8FF57 /* ChangePasswordViewModel.swift in Sources */,
				50161AA72B0A3B56001234A0 /* LoginViewModel.swift in Sources */,
				506897672B16400B0041BF10 /* CustomTitleView.swift in Sources */,
				50CBD7502B12485C0063FDE2 /* MainViewModel.swift in Sources */,
				50CBD7532B124D700063FDE2 /* ProfileView.swift in Sources */,
				50161AA92B0A3B5E001234A0 /* User.swift in Sources */,
				5068975F2B162C4B0041BF10 /* OutfitViewModel.swift in Sources */,
				506897732B164ED30041BF10 /* Encodable.swift in Sources */,
			);
			runOnlyForDeploymentPostprocessing = 0;
		};
/* End PBXSourcesBuildPhase section */

/* Begin XCBuildConfiguration section */
		50D1EF6A2A166AC9008E3DB6 /* Debug */ = {
			isa = XCBuildConfiguration;
			buildSettings = {
				ALWAYS_SEARCH_USER_PATHS = NO;
				CLANG_ANALYZER_NONNULL = YES;
				CLANG_ANALYZER_NUMBER_OBJECT_CONVERSION = YES_AGGRESSIVE;
				CLANG_CXX_LANGUAGE_STANDARD = "gnu++20";
				CLANG_ENABLE_MODULES = YES;
				CLANG_ENABLE_OBJC_ARC = YES;
				CLANG_ENABLE_OBJC_WEAK = YES;
				CLANG_WARN_BLOCK_CAPTURE_AUTORELEASING = YES;
				CLANG_WARN_BOOL_CONVERSION = YES;
				CLANG_WARN_COMMA = YES;
				CLANG_WARN_CONSTANT_CONVERSION = YES;
				CLANG_WARN_DEPRECATED_OBJC_IMPLEMENTATIONS = YES;
				CLANG_WARN_DIRECT_OBJC_ISA_USAGE = YES_ERROR;
				CLANG_WARN_DOCUMENTATION_COMMENTS = YES;
				CLANG_WARN_EMPTY_BODY = YES;
				CLANG_WARN_ENUM_CONVERSION = YES;
				CLANG_WARN_INFINITE_RECURSION = YES;
				CLANG_WARN_INT_CONVERSION = YES;
				CLANG_WARN_NON_LITERAL_NULL_CONVERSION = YES;
				CLANG_WARN_OBJC_IMPLICIT_RETAIN_SELF = YES;
				CLANG_WARN_OBJC_LITERAL_CONVERSION = YES;
				CLANG_WARN_OBJC_ROOT_CLASS = YES_ERROR;
				CLANG_WARN_QUOTED_INCLUDE_IN_FRAMEWORK_HEADER = YES;
				CLANG_WARN_RANGE_LOOP_ANALYSIS = YES;
				CLANG_WARN_STRICT_PROTOTYPES = YES;
				CLANG_WARN_SUSPICIOUS_MOVE = YES;
				CLANG_WARN_UNGUARDED_AVAILABILITY = YES_AGGRESSIVE;
				CLANG_WARN_UNREACHABLE_CODE = YES;
				CLANG_WARN__DUPLICATE_METHOD_MATCH = YES;
				COPY_PHASE_STRIP = NO;
				DEBUG_INFORMATION_FORMAT = dwarf;
				ENABLE_STRICT_OBJC_MSGSEND = YES;
				ENABLE_TESTABILITY = YES;
				GCC_C_LANGUAGE_STANDARD = gnu11;
				GCC_DYNAMIC_NO_PIC = NO;
				GCC_NO_COMMON_BLOCKS = YES;
				GCC_OPTIMIZATION_LEVEL = 0;
				GCC_PREPROCESSOR_DEFINITIONS = (
					"DEBUG=1",
					"$(inherited)",
				);
				GCC_WARN_64_TO_32_BIT_CONVERSION = YES;
				GCC_WARN_ABOUT_RETURN_TYPE = YES_ERROR;
				GCC_WARN_UNDECLARED_SELECTOR = YES;
				GCC_WARN_UNINITIALIZED_AUTOS = YES_AGGRESSIVE;
				GCC_WARN_UNUSED_FUNCTION = YES;
				GCC_WARN_UNUSED_VARIABLE = YES;
				IPHONEOS_DEPLOYMENT_TARGET = 16.4;
				MTL_ENABLE_DEBUG_INFO = INCLUDE_SOURCE;
				MTL_FAST_MATH = YES;
				ONLY_ACTIVE_ARCH = YES;
				SDKROOT = iphoneos;
				SWIFT_ACTIVE_COMPILATION_CONDITIONS = DEBUG;
				SWIFT_OPTIMIZATION_LEVEL = "-Onone";
			};
			name = Debug;
		};
		50D1EF6B2A166AC9008E3DB6 /* Release */ = {
			isa = XCBuildConfiguration;
			buildSettings = {
				ALWAYS_SEARCH_USER_PATHS = NO;
				CLANG_ANALYZER_NONNULL = YES;
				CLANG_ANALYZER_NUMBER_OBJECT_CONVERSION = YES_AGGRESSIVE;
				CLANG_CXX_LANGUAGE_STANDARD = "gnu++20";
				CLANG_ENABLE_MODULES = YES;
				CLANG_ENABLE_OBJC_ARC = YES;
				CLANG_ENABLE_OBJC_WEAK = YES;
				CLANG_WARN_BLOCK_CAPTURE_AUTORELEASING = YES;
				CLANG_WARN_BOOL_CONVERSION = YES;
				CLANG_WARN_COMMA = YES;
				CLANG_WARN_CONSTANT_CONVERSION = YES;
				CLANG_WARN_DEPRECATED_OBJC_IMPLEMENTATIONS = YES;
				CLANG_WARN_DIRECT_OBJC_ISA_USAGE = YES_ERROR;
				CLANG_WARN_DOCUMENTATION_COMMENTS = YES;
				CLANG_WARN_EMPTY_BODY = YES;
				CLANG_WARN_ENUM_CONVERSION = YES;
				CLANG_WARN_INFINITE_RECURSION = YES;
				CLANG_WARN_INT_CONVERSION = YES;
				CLANG_WARN_NON_LITERAL_NULL_CONVERSION = YES;
				CLANG_WARN_OBJC_IMPLICIT_RETAIN_SELF = YES;
				CLANG_WARN_OBJC_LITERAL_CONVERSION = YES;
				CLANG_WARN_OBJC_ROOT_CLASS = YES_ERROR;
				CLANG_WARN_QUOTED_INCLUDE_IN_FRAMEWORK_HEADER = YES;
				CLANG_WARN_RANGE_LOOP_ANALYSIS = YES;
				CLANG_WARN_STRICT_PROTOTYPES = YES;
				CLANG_WARN_SUSPICIOUS_MOVE = YES;
				CLANG_WARN_UNGUARDED_AVAILABILITY = YES_AGGRESSIVE;
				CLANG_WARN_UNREACHABLE_CODE = YES;
				CLANG_WARN__DUPLICATE_METHOD_MATCH = YES;
				COPY_PHASE_STRIP = NO;
				DEBUG_INFORMATION_FORMAT = "dwarf-with-dsym";
				ENABLE_NS_ASSERTIONS = NO;
				ENABLE_STRICT_OBJC_MSGSEND = YES;
				GCC_C_LANGUAGE_STANDARD = gnu11;
				GCC_NO_COMMON_BLOCKS = YES;
				GCC_WARN_64_TO_32_BIT_CONVERSION = YES;
				GCC_WARN_ABOUT_RETURN_TYPE = YES_ERROR;
				GCC_WARN_UNDECLARED_SELECTOR = YES;
				GCC_WARN_UNINITIALIZED_AUTOS = YES_AGGRESSIVE;
				GCC_WARN_UNUSED_FUNCTION = YES;
				GCC_WARN_UNUSED_VARIABLE = YES;
				IPHONEOS_DEPLOYMENT_TARGET = 16.4;
				MTL_ENABLE_DEBUG_INFO = NO;
				MTL_FAST_MATH = YES;
				SDKROOT = iphoneos;
				SWIFT_COMPILATION_MODE = wholemodule;
				SWIFT_OPTIMIZATION_LEVEL = "-O";
				VALIDATE_PRODUCT = YES;
			};
			name = Release;
		};
		50D1EF6D2A166AC9008E3DB6 /* Debug */ = {
			isa = XCBuildConfiguration;
			baseConfigurationReference = 0AB0AC01A5B03E688A5598F9 /* Pods-DressMeUp.debug.xcconfig */;
			buildSettings = {
				ASSETCATALOG_COMPILER_APPICON_NAME = AppIcon;
				ASSETCATALOG_COMPILER_GLOBAL_ACCENT_COLOR_NAME = AccentColor;
				CODE_SIGN_STYLE = Automatic;
				CURRENT_PROJECT_VERSION = 1;
				DEVELOPMENT_TEAM = WU69N4C677;
				GENERATE_INFOPLIST_FILE = YES;
				INFOPLIST_FILE = DressMeUp/Info.plist;
				INFOPLIST_KEY_UIApplicationSupportsIndirectInputEvents = YES;
				INFOPLIST_KEY_UILaunchStoryboardName = LaunchScreen;
				INFOPLIST_KEY_UISupportedInterfaceOrientations_iPad = "UIInterfaceOrientationPortrait UIInterfaceOrientationPortraitUpsideDown UIInterfaceOrientationLandscapeLeft UIInterfaceOrientationLandscapeRight";
				INFOPLIST_KEY_UISupportedInterfaceOrientations_iPhone = "UIInterfaceOrientationPortrait UIInterfaceOrientationLandscapeLeft UIInterfaceOrientationLandscapeRight";
				IPHONEOS_DEPLOYMENT_TARGET = 16.0;
				LD_RUNPATH_SEARCH_PATHS = (
					"$(inherited)",
					"@executable_path/Frameworks",
				);
				MARKETING_VERSION = 1.0;
				PRODUCT_BUNDLE_IDENTIFIER = com.sangesherpa.DressMeUp;
				PRODUCT_NAME = "$(TARGET_NAME)";
				SWIFT_EMIT_LOC_STRINGS = YES;
				SWIFT_VERSION = 5.0;
				TARGETED_DEVICE_FAMILY = "1,2";
			};
			name = Debug;
		};
		50D1EF6E2A166AC9008E3DB6 /* Release */ = {
			isa = XCBuildConfiguration;
			baseConfigurationReference = 529C9E2B426A614AB38B17F2 /* Pods-DressMeUp.release.xcconfig */;
			buildSettings = {
				ASSETCATALOG_COMPILER_APPICON_NAME = AppIcon;
				ASSETCATALOG_COMPILER_GLOBAL_ACCENT_COLOR_NAME = AccentColor;
				CODE_SIGN_STYLE = Automatic;
				CURRENT_PROJECT_VERSION = 1;
				DEVELOPMENT_TEAM = WU69N4C677;
				GENERATE_INFOPLIST_FILE = YES;
				INFOPLIST_FILE = DressMeUp/Info.plist;
				INFOPLIST_KEY_UIApplicationSupportsIndirectInputEvents = YES;
				INFOPLIST_KEY_UILaunchStoryboardName = LaunchScreen;
				INFOPLIST_KEY_UISupportedInterfaceOrientations_iPad = "UIInterfaceOrientationPortrait UIInterfaceOrientationPortraitUpsideDown UIInterfaceOrientationLandscapeLeft UIInterfaceOrientationLandscapeRight";
				INFOPLIST_KEY_UISupportedInterfaceOrientations_iPhone = "UIInterfaceOrientationPortrait UIInterfaceOrientationLandscapeLeft UIInterfaceOrientationLandscapeRight";
				IPHONEOS_DEPLOYMENT_TARGET = 16.0;
				LD_RUNPATH_SEARCH_PATHS = (
					"$(inherited)",
					"@executable_path/Frameworks",
				);
				MARKETING_VERSION = 1.0;
				PRODUCT_BUNDLE_IDENTIFIER = com.sangesherpa.DressMeUp;
				PRODUCT_NAME = "$(TARGET_NAME)";
				SWIFT_EMIT_LOC_STRINGS = YES;
				SWIFT_VERSION = 5.0;
				TARGETED_DEVICE_FAMILY = "1,2";
			};
			name = Release;
		};
/* End XCBuildConfiguration section */

/* Begin XCConfigurationList section */
		50D1EF532A166AC7008E3DB6 /* Build configuration list for PBXProject "DressMeUp" */ = {
			isa = XCConfigurationList;
			buildConfigurations = (
				50D1EF6A2A166AC9008E3DB6 /* Debug */,
				50D1EF6B2A166AC9008E3DB6 /* Release */,
			);
			defaultConfigurationIsVisible = 0;
			defaultConfigurationName = Release;
		};
		50D1EF6C2A166AC9008E3DB6 /* Build configuration list for PBXNativeTarget "DressMeUp" */ = {
			isa = XCConfigurationList;
			buildConfigurations = (
				50D1EF6D2A166AC9008E3DB6 /* Debug */,
				50D1EF6E2A166AC9008E3DB6 /* Release */,
			);
			defaultConfigurationIsVisible = 0;
			defaultConfigurationName = Release;
		};
/* End XCConfigurationList section */

/* Begin XCRemoteSwiftPackageReference section */
		503FF8F02A5E859F004386D9 /* XCRemoteSwiftPackageReference "firebase-ios-sdk" */ = {
			isa = XCRemoteSwiftPackageReference;
			repositoryURL = "https://github.com/firebase/firebase-ios-sdk";
			requirement = {
				kind = exactVersion;
				version = 10.12.0;
			};
		};
		50588E152A8F5D350098A9D2 /* XCRemoteSwiftPackageReference "realm-swift" */ = {
			isa = XCRemoteSwiftPackageReference;
			repositoryURL = "https://github.com/realm/realm-swift.git";
			requirement = {
				kind = upToNextMajorVersion;
				minimumVersion = 10.42.0;
			};
		};
		50B1EF362A78FAA000DCE28E /* XCRemoteSwiftPackageReference "unsplash-photopicker-ios" */ = {
			isa = XCRemoteSwiftPackageReference;
			repositoryURL = "https://github.com/unsplash/unsplash-photopicker-ios.git";
			requirement = {
				kind = upToNextMajorVersion;
				minimumVersion = 1.0.0;
			};
		};
/* End XCRemoteSwiftPackageReference section */

/* Begin XCSwiftPackageProductDependency section */
		503FF8F12A5E859F004386D9 /* FirebaseAnalytics */ = {
			isa = XCSwiftPackageProductDependency;
			package = 503FF8F02A5E859F004386D9 /* XCRemoteSwiftPackageReference "firebase-ios-sdk" */;
			productName = FirebaseAnalytics;
		};
		503FF8F32A5E859F004386D9 /* FirebaseAuth */ = {
			isa = XCSwiftPackageProductDependency;
			package = 503FF8F02A5E859F004386D9 /* XCRemoteSwiftPackageReference "firebase-ios-sdk" */;
			productName = FirebaseAuth;
		};
		50B1EF372A78FAA000DCE28E /* UnsplashPhotoPicker */ = {
			isa = XCSwiftPackageProductDependency;
			package = 50B1EF362A78FAA000DCE28E /* XCRemoteSwiftPackageReference "unsplash-photopicker-ios" */;
			productName = UnsplashPhotoPicker;
		};
		50CBD7372B11D80F0063FDE2 /* FirebaseFirestore */ = {
			isa = XCSwiftPackageProductDependency;
			package = 503FF8F02A5E859F004386D9 /* XCRemoteSwiftPackageReference "firebase-ios-sdk" */;
			productName = FirebaseFirestore;
		};
		50CBD7392B11D80F0063FDE2 /* FirebaseFirestoreSwift */ = {
			isa = XCSwiftPackageProductDependency;
			package = 503FF8F02A5E859F004386D9 /* XCRemoteSwiftPackageReference "firebase-ios-sdk" */;
			productName = FirebaseFirestoreSwift;
		};
/* End XCSwiftPackageProductDependency section */
	};
	rootObject = 50D1EF502A166AC7008E3DB6 /* Project object */;
}
